
Microsoft Visual Studio Solution File, Format Version 12.00
# Visual Studio Version 16
VisualStudioVersion = 16.0.30204.135
MinimumVisualStudioVersion = 10.0.40219.1
Project("{FAE04EC0-301F-11D3-BF4B-00C04F79EFBC}") = "WebApplication1", "WebApplication1.csproj", "{62793C1A-E9C6-4F1A-AFEE-AA2D5C07243B}"
EndProject
Global
	GlobalSection(SolutionConfigurationPlatforms) = preSolution
		Debug|Any CPU = Debug|Any CPU
		Release|Any CPU = Release|Any CPU
	EndGlobalSection
	GlobalSection(ProjectConfigurationPlatforms) = postSolution
		{62793C1A-E9C6-4F1A-AFEE-AA2D5C07243B}.Debug|Any CPU.ActiveCfg = Debug|Any CPU
		{62793C1A-E9C6-4F1A-AFEE-AA2D5C07243B}.Debug|Any CPU.Build.0 = Debug|Any CPU
		{62793C1A-E9C6-4F1A-AFEE-AA2D5C07243B}.Release|Any CPU.ActiveCfg = Release|Any CPU
		{62793C1A-E9C6-4F1A-AFEE-AA2D5C07243B}.Release|Any CPU.Build.0 = Release|Any CPU
	EndGlobalSection
	GlobalSection(SolutionProperties) = preSolution
		HideSolutionNode = FALSE
	EndGlobalSection
	GlobalSection(ExtensibilityGlobals) = postSolution
		SolutionGuid = {ECCB8122-F2BA-4242-B575-86ACA0AD3C55}
	EndGlobalSection
EndGlobal
